
Microsoft Visual Studio Solution File, Format Version 12.00
# Visual Studio Express 2013 for Windows Desktop
VisualStudioVersion = 12.0.21005.1
MinimumVisualStudioVersion = 10.0.40219.1
Project("{F184B08F-C81C-45F6-A57F-5ABD9991F28F}") = "Battery_Tester", "Battery_Tester\Battery_Tester.vbproj", "{5ABEF7E3-3C3F-4B40-953E-294B8B0F5F75}"
EndProject
Global
	GlobalSection(SolutionConfigurationPlatforms) = preSolution
		Debug|Any CPU = Debug|Any CPU
		Release|Any CPU = Release|Any CPU
	EndGlobalSection
	GlobalSection(ProjectConfigurationPlatforms) = postSolution
		{5ABEF7E3-3C3F-4B40-953E-294B8B0F5F75}.Debug|Any CPU.ActiveCfg = Debug|Any CPU
		{5ABEF7E3-3C3F-4B40-953E-294B8B0F5F75}.Debug|Any CPU.Build.0 = Debug|Any CPU
		{5ABEF7E3-3C3F-4B40-953E-294B8B0F5F75}.Release|Any CPU.ActiveCfg = Release|Any CPU
		{5ABEF7E3-3C3F-4B40-953E-294B8B0F5F75}.Release|Any CPU.Build.0 = Release|Any CPU
	EndGlobalSection
	GlobalSection(SolutionProperties) = preSolution
		HideSolutionNode = FALSE
	EndGlobalSection
EndGlobal
